// !$*UTF8*$!
{
	archiveVersion = 1;
	classes = {
	};
	objectVersion = 46;
	objects = {

/* Begin PBXBuildFile section */
		0513393C194252910081BC6F /* UtilsHelperFunctions.m in Sources */ = {isa = PBXBuildFile; fileRef = 0513393B194252910081BC6F /* UtilsHelperFunctions.m */; };
		05FD49D61940D85D0063468D /* UIKit.framework in Frameworks */ = {isa = PBXBuildFile; fileRef = 05FD49D51940D85D0063468D /* UIKit.framework */; };
		05FD49D81940D85D0063468D /* Foundation.framework in Frameworks */ = {isa = PBXBuildFile; fileRef = 05FD49D71940D85D0063468D /* Foundation.framework */; };
		05FD49DA1940D85D0063468D /* CoreGraphics.framework in Frameworks */ = {isa = PBXBuildFile; fileRef = 05FD49D91940D85D0063468D /* CoreGraphics.framework */; };
		05FD49E01940D85D0063468D /* InfoPlist.strings in Resources */ = {isa = PBXBuildFile; fileRef = 05FD49DE1940D85D0063468D /* InfoPlist.strings */; };
		05FD49E21940D85D0063468D /* main.m in Sources */ = {isa = PBXBuildFile; fileRef = 05FD49E11940D85D0063468D /* main.m */; };
		05FD49E61940D85D0063468D /* CAppDelegate.m in Sources */ = {isa = PBXBuildFile; fileRef = 05FD49E51940D85D0063468D /* CAppDelegate.m */; };
		05FD49E91940D85E0063468D /* MainStoryboard_iPhone.storyboard in Resources */ = {isa = PBXBuildFile; fileRef = 05FD49E71940D85D0063468D /* MainStoryboard_iPhone.storyboard */; };
		05FD49EC1940D85E0063468D /* MainStoryboard_iPad.storyboard in Resources */ = {isa = PBXBuildFile; fileRef = 05FD49EA1940D85E0063468D /* MainStoryboard_iPad.storyboard */; };
		05FD49EF1940D85E0063468D /* CViewController.m in Sources */ = {isa = PBXBuildFile; fileRef = 05FD49EE1940D85E0063468D /* CViewController.m */; };
		05FD49F61940D8690063468D /* CoreLocation.framework in Frameworks */ = {isa = PBXBuildFile; fileRef = 05FD49F51940D8690063468D /* CoreLocation.framework */; };
		05FD49FA1940D9370063468D /* CLocInfoTableViewController.m in Sources */ = {isa = PBXBuildFile; fileRef = 05FD49F91940D9370063468D /* CLocInfoTableViewController.m */; };
		05FD49FD1940DB050063468D /* CLocInfoViewController.m in Sources */ = {isa = PBXBuildFile; fileRef = 05FD49FC1940DB050063468D /* CLocInfoViewController.m */; };
		05FD4A011940DB9B0063468D /* CSVCViewController.m in Sources */ = {isa = PBXBuildFile; fileRef = 05FD4A001940DB9B0063468D /* CSVCViewController.m */; };
		05FD4A051940DD1F0063468D /* CGpsLocInfo.m in Sources */ = {isa = PBXBuildFile; fileRef = 05FD4A041940DD1F0063468D /* CGpsLocInfo.m */; };
/* End PBXBuildFile section */

/* Begin PBXFileReference section */
		0513393619424F350081BC6F /* es */ = {isa = PBXFileReference; lastKnownFileType = text.plist.strings; name = es; path = es.lproj/InfoPlist.strings; sourceTree = "<group>"; };
		0513393719424F3B0081BC6F /* fr */ = {isa = PBXFileReference; lastKnownFileType = text.plist.strings; name = fr; path = fr.lproj/InfoPlist.strings; sourceTree = "<group>"; };
		0513393819424F4C0081BC6F /* de */ = {isa = PBXFileReference; lastKnownFileType = text.plist.strings; name = de; path = de.lproj/InfoPlist.strings; sourceTree = "<group>"; };
		0513393919424F4F0081BC6F /* pt */ = {isa = PBXFileReference; lastKnownFileType = text.plist.strings; name = pt; path = pt.lproj/InfoPlist.strings; sourceTree = "<group>"; };
		0513393A194252910081BC6F /* UtilsHelperFunctions.h */ = {isa = PBXFileReference; fileEncoding = 4; lastKnownFileType = sourcecode.c.h; name = UtilsHelperFunctions.h; path = GpsPractice/UtilsHelperFunctions.h; sourceTree = "<group>"; };
		0513393B194252910081BC6F /* UtilsHelperFunctions.m */ = {isa = PBXFileReference; fileEncoding = 4; lastKnownFileType = sourcecode.c.objc; name = UtilsHelperFunctions.m; path = GpsPractice/UtilsHelperFunctions.m; sourceTree = "<group>"; };
		05FD49D11940D85D0063468D /* GpsPractice.app */ = {isa = PBXFileReference; explicitFileType = wrapper.application; includeInIndex = 0; path = GpsPractice.app; sourceTree = BUILT_PRODUCTS_DIR; };
		05FD49D51940D85D0063468D /* UIKit.framework */ = {isa = PBXFileReference; lastKnownFileType = wrapper.framework; name = UIKit.framework; path = System/Library/Frameworks/UIKit.framework; sourceTree = SDKROOT; };
		05FD49D71940D85D0063468D /* Foundation.framework */ = {isa = PBXFileReference; lastKnownFileType = wrapper.framework; name = Foundation.framework; path = System/Library/Frameworks/Foundation.framework; sourceTree = SDKROOT; };
		05FD49D91940D85D0063468D /* CoreGraphics.framework */ = {isa = PBXFileReference; lastKnownFileType = wrapper.framework; name = CoreGraphics.framework; path = System/Library/Frameworks/CoreGraphics.framework; sourceTree = SDKROOT; };
		05FD49DD1940D85D0063468D /* GpsPractice-Info.plist */ = {isa = PBXFileReference; lastKnownFileType = text.plist.xml; path = "GpsPractice-Info.plist"; sourceTree = "<group>"; };
		05FD49DF1940D85D0063468D /* en */ = {isa = PBXFileReference; lastKnownFileType = text.plist.strings; name = en; path = en.lproj/InfoPlist.strings; sourceTree = "<group>"; };
		05FD49E11940D85D0063468D /* main.m */ = {isa = PBXFileReference; lastKnownFileType = sourcecode.c.objc; path = main.m; sourceTree = "<group>"; };
		05FD49E31940D85D0063468D /* GpsPractice-Prefix.pch */ = {isa = PBXFileReference; lastKnownFileType = sourcecode.c.h; path = "GpsPractice-Prefix.pch"; sourceTree = "<group>"; };
		05FD49E41940D85D0063468D /* CAppDelegate.h */ = {isa = PBXFileReference; lastKnownFileType = sourcecode.c.h; path = CAppDelegate.h; sourceTree = "<group>"; };
		05FD49E51940D85D0063468D /* CAppDelegate.m */ = {isa = PBXFileReference; lastKnownFileType = sourcecode.c.objc; path = CAppDelegate.m; sourceTree = "<group>"; };
		05FD49E81940D85E0063468D /* en */ = {isa = PBXFileReference; lastKnownFileType = file.storyboard; name = en; path = en.lproj/MainStoryboard_iPhone.storyboard; sourceTree = "<group>"; };
		05FD49EB1940D85E0063468D /* en */ = {isa = PBXFileReference; lastKnownFileType = file.storyboard; name = en; path = en.lproj/MainStoryboard_iPad.storyboard; sourceTree = "<group>"; };
		05FD49ED1940D85E0063468D /* CViewController.h */ = {isa = PBXFileReference; lastKnownFileType = sourcecode.c.h; path = CViewController.h; sourceTree = "<group>"; };
		05FD49EE1940D85E0063468D /* CViewController.m */ = {isa = PBXFileReference; lastKnownFileType = sourcecode.c.objc; path = CViewController.m; sourceTree = "<group>"; };
		05FD49F51940D8690063468D /* CoreLocation.framework */ = {isa = PBXFileReference; lastKnownFileType = wrapper.framework; name = CoreLocation.framework; path = System/Library/Frameworks/CoreLocation.framework; sourceTree = SDKROOT; };
		05FD49F81940D9370063468D /* CLocInfoTableViewController.h */ = {isa = PBXFileReference; fileEncoding = 4; lastKnownFileType = sourcecode.c.h; name = CLocInfoTableViewController.h; path = GpsPractice/CLocInfoTableViewController.h; sourceTree = "<group>"; };
		05FD49F91940D9370063468D /* CLocInfoTableViewController.m */ = {isa = PBXFileReference; fileEncoding = 4; lastKnownFileType = sourcecode.c.objc; name = CLocInfoTableViewController.m; path = GpsPractice/CLocInfoTableViewController.m; sourceTree = "<group>"; };
		05FD49FB1940DB050063468D /* CLocInfoViewController.h */ = {isa = PBXFileReference; fileEncoding = 4; lastKnownFileType = sourcecode.c.h; name = CLocInfoViewController.h; path = GpsPractice/CLocInfoViewController.h; sourceTree = "<group>"; };
		05FD49FC1940DB050063468D /* CLocInfoViewController.m */ = {isa = PBXFileReference; fileEncoding = 4; lastKnownFileType = sourcecode.c.objc; name = CLocInfoViewController.m; path = GpsPractice/CLocInfoViewController.m; sourceTree = "<group>"; };
		05FD49FF1940DB9B0063468D /* CSVCViewController.h */ = {isa = PBXFileReference; fileEncoding = 4; lastKnownFileType = sourcecode.c.h; name = CSVCViewController.h; path = GpsPractice/CSVCViewController.h; sourceTree = "<group>"; };
		05FD4A001940DB9B0063468D /* CSVCViewController.m */ = {isa = PBXFileReference; fileEncoding = 4; lastKnownFileType = sourcecode.c.objc; name = CSVCViewController.m; path = GpsPractice/CSVCViewController.m; sourceTree = "<group>"; };
		05FD4A031940DD1F0063468D /* CGpsLocInfo.h */ = {isa = PBXFileReference; fileEncoding = 4; lastKnownFileType = sourcecode.c.h; name = CGpsLocInfo.h; path = GpsPractice/CGpsLocInfo.h; sourceTree = "<group>"; };
		05FD4A041940DD1F0063468D /* CGpsLocInfo.m */ = {isa = PBXFileReference; fileEncoding = 4; lastKnownFileType = sourcecode.c.objc; name = CGpsLocInfo.m; path = GpsPractice/CGpsLocInfo.m; sourceTree = "<group>"; };
		05FD4A061940EB750063468D /* Defs.h */ = {isa = PBXFileReference; lastKnownFileType = sourcecode.c.h; name = Defs.h; path = GpsPractice/Defs.h; sourceTree = "<group>"; };
/* End PBXFileReference section */

/* Begin PBXFrameworksBuildPhase section */
		05FD49CE1940D85D0063468D /* Frameworks */ = {
			isa = PBXFrameworksBuildPhase;
			buildActionMask = 2147483647;
			files = (
				05FD49F61940D8690063468D /* CoreLocation.framework in Frameworks */,
				05FD49D61940D85D0063468D /* UIKit.framework in Frameworks */,
				05FD49D81940D85D0063468D /* Foundation.framework in Frameworks */,
				05FD49DA1940D85D0063468D /* CoreGraphics.framework in Frameworks */,
			);
			runOnlyForDeploymentPostprocessing = 0;
		};
/* End PBXFrameworksBuildPhase section */

/* Begin PBXGroup section */
		05FD49C61940D85D0063468D = {
			isa = PBXGroup;
			children = (
				05FD4A021940DD070063468D /* Info */,
				05FD49F71940D9170063468D /* Table */,
				05FD49DB1940D85D0063468D /* GpsPractice */,
				05FD49D41940D85D0063468D /* Frameworks */,
				05FD49D21940D85D0063468D /* Products */,
			);
			sourceTree = "<group>";
		};
		05FD49D21940D85D0063468D /* Products */ = {
			isa = PBXGroup;
			children = (
				05FD49D11940D85D0063468D /* GpsPractice.app */,
			);
			name = Products;
			sourceTree = "<group>";
		};
		05FD49D41940D85D0063468D /* Frameworks */ = {
			isa = PBXGroup;
			children = (
				05FD49F51940D8690063468D /* CoreLocation.framework */,
				05FD49D51940D85D0063468D /* UIKit.framework */,
				05FD49D71940D85D0063468D /* Foundation.framework */,
				05FD49D91940D85D0063468D /* CoreGraphics.framework */,
			);
			name = Frameworks;
			sourceTree = "<group>";
		};
		05FD49DB1940D85D0063468D /* GpsPractice */ = {
			isa = PBXGroup;
			children = (
				05FD49E41940D85D0063468D /* CAppDelegate.h */,
				05FD49E51940D85D0063468D /* CAppDelegate.m */,
				05FD49E71940D85D0063468D /* MainStoryboard_iPhone.storyboard */,
				05FD49EA1940D85E0063468D /* MainStoryboard_iPad.storyboard */,
				05FD49ED1940D85E0063468D /* CViewController.h */,
				05FD49EE1940D85E0063468D /* CViewController.m */,
				05FD49DC1940D85D0063468D /* Supporting Files */,
			);
			path = GpsPractice;
			sourceTree = "<group>";
		};
		05FD49DC1940D85D0063468D /* Supporting Files */ = {
			isa = PBXGroup;
			children = (
				05FD49DD1940D85D0063468D /* GpsPractice-Info.plist */,
				05FD49DE1940D85D0063468D /* InfoPlist.strings */,
				05FD49E11940D85D0063468D /* main.m */,
				05FD49E31940D85D0063468D /* GpsPractice-Prefix.pch */,
			);
			name = "Supporting Files";
			sourceTree = "<group>";
		};
		05FD49F71940D9170063468D /* Table */ = {
			isa = PBXGroup;
			children = (
				05FD49FE1940DB7A0063468D /* iPad */,
				05FD49F81940D9370063468D /* CLocInfoTableViewController.h */,
				05FD49F91940D9370063468D /* CLocInfoTableViewController.m */,
				05FD49FB1940DB050063468D /* CLocInfoViewController.h */,
				05FD49FC1940DB050063468D /* CLocInfoViewController.m */,
			);
			name = Table;
			sourceTree = "<group>";
		};
		05FD49FE1940DB7A0063468D /* iPad */ = {
			isa = PBXGroup;
			children = (
				05FD49FF1940DB9B0063468D /* CSVCViewController.h */,
				05FD4A001940DB9B0063468D /* CSVCViewController.m */,
			);
			name = iPad;
			sourceTree = "<group>";
		};
		05FD4A021940DD070063468D /* Info */ = {
			isa = PBXGroup;
			children = (
				05FD4A031940DD1F0063468D /* CGpsLocInfo.h */,
				05FD4A041940DD1F0063468D /* CGpsLocInfo.m */,
				05FD4A061940EB750063468D /* Defs.h */,
				0513393A194252910081BC6F /* UtilsHelperFunctions.h */,
				0513393B194252910081BC6F /* UtilsHelperFunctions.m */,
			);
			name = Info;
			sourceTree = "<group>";
		};
/* End PBXGroup section */

/* Begin PBXNativeTarget section */
		05FD49D01940D85D0063468D /* GpsPractice */ = {
			isa = PBXNativeTarget;
			buildConfigurationList = 05FD49F21940D85E0063468D /* Build configuration list for PBXNativeTarget "GpsPractice" */;
			buildPhases = (
				05FD49CD1940D85D0063468D /* Sources */,
				05FD49CE1940D85D0063468D /* Frameworks */,
				05FD49CF1940D85D0063468D /* Resources */,
			);
			buildRules = (
			);
			dependencies = (
			);
			name = GpsPractice;
			productName = GpsPractice;
			productReference = 05FD49D11940D85D0063468D /* GpsPractice.app */;
			productType = "com.apple.product-type.application";
		};
/* End PBXNativeTarget section */

/* Begin PBXProject section */
		05FD49C81940D85D0063468D /* Project object */ = {
			isa = PBXProject;
			attributes = {
				CLASSPREFIX = C;
				LastUpgradeCheck = 0430;
			};
			buildConfigurationList = 05FD49CB1940D85D0063468D /* Build configuration list for PBXProject "GpsPractice" */;
			compatibilityVersion = "Xcode 3.2";
			developmentRegion = English;
			hasScannedForEncodings = 0;
			knownRegions = (
				en,
				es,
				fr,
				de,
				pt,
			);
			mainGroup = 05FD49C61940D85D0063468D;
			productRefGroup = 05FD49D21940D85D0063468D /* Products */;
			projectDirPath = "";
			projectRoot = "";
			targets = (
				05FD49D01940D85D0063468D /* GpsPractice */,
			);
		};
/* End PBXProject section */

/* Begin PBXResourcesBuildPhase section */
		05FD49CF1940D85D0063468D /* Resources */ = {
			isa = PBXResourcesBuildPhase;
			buildActionMask = 2147483647;
			files = (
				05FD49E01940D85D0063468D /* InfoPlist.strings in Resources */,
				05FD49E91940D85E0063468D /* MainStoryboard_iPhone.storyboard in Resources */,
				05FD49EC1940D85E0063468D /* MainStoryboard_iPad.storyboard in Resources */,
			);
			runOnlyForDeploymentPostprocessing = 0;
		};
/* End PBXResourcesBuildPhase section */

/* Begin PBXSourcesBuildPhase section */
		05FD49CD1940D85D0063468D /* Sources */ = {
			isa = PBXSourcesBuildPhase;
			buildActionMask = 2147483647;
			files = (
				05FD49E21940D85D0063468D /* main.m in Sources */,
				05FD49E61940D85D0063468D /* CAppDelegate.m in Sources */,
				05FD49EF1940D85E0063468D /* CViewController.m in Sources */,
				05FD49FA1940D9370063468D /* CLocInfoTableViewController.m in Sources */,
				05FD49FD1940DB050063468D /* CLocInfoViewController.m in Sources */,
				05FD4A011940DB9B0063468D /* CSVCViewController.m in Sources */,
				05FD4A051940DD1F0063468D /* CGpsLocInfo.m in Sources */,
				0513393C194252910081BC6F /* UtilsHelperFunctions.m in Sources */,
			);
			runOnlyForDeploymentPostprocessing = 0;
		};
/* End PBXSourcesBuildPhase section */

/* Begin PBXVariantGroup section */
		05FD49DE1940D85D0063468D /* InfoPlist.strings */ = {
			isa = PBXVariantGroup;
			children = (
				05FD49DF1940D85D0063468D /* en */,
				0513393619424F350081BC6F /* es */,
				0513393719424F3B0081BC6F /* fr */,
				0513393819424F4C0081BC6F /* de */,
				0513393919424F4F0081BC6F /* pt */,
			);
			name = InfoPlist.strings;
			sourceTree = "<group>";
		};
		05FD49E71940D85D0063468D /* MainStoryboard_iPhone.storyboard */ = {
			isa = PBXVariantGroup;
			children = (
				05FD49E81940D85E0063468D /* en */,
			);
			name = MainStoryboard_iPhone.storyboard;
			sourceTree = "<group>";
		};
		05FD49EA1940D85E0063468D /* MainStoryboard_iPad.storyboard */ = {
			isa = PBXVariantGroup;
			children = (
				05FD49EB1940D85E0063468D /* en */,
			);
			name = MainStoryboard_iPad.storyboard;
			sourceTree = "<group>";
		};
/* End PBXVariantGroup section */

/* Begin XCBuildConfiguration section */
		05FD49F01940D85E0063468D /* Debug */ = {
			isa = XCBuildConfiguration;
			buildSettings = {
				ALWAYS_SEARCH_USER_PATHS = NO;
				ARCHS = "$(ARCHS_STANDARD_32_BIT)";
				CLANG_ENABLE_OBJC_ARC = YES;
				"CODE_SIGN_IDENTITY[sdk=iphoneos*]" = "iPhone Developer";
				COPY_PHASE_STRIP = NO;
				GCC_C_LANGUAGE_STANDARD = gnu99;
				GCC_DYNAMIC_NO_PIC = NO;
				GCC_OPTIMIZATION_LEVEL = 0;
				GCC_PREPROCESSOR_DEFINITIONS = (
					"DEBUG=1",
					"$(inherited)",
				);
				GCC_SYMBOLS_PRIVATE_EXTERN = NO;
				GCC_VERSION = com.apple.compilers.llvm.clang.1_0;
				GCC_WARN_ABOUT_RETURN_TYPE = YES;
				GCC_WARN_UNINITIALIZED_AUTOS = YES;
				GCC_WARN_UNUSED_VARIABLE = YES;
				IPHONEOS_DEPLOYMENT_TARGET = 5.1;
				SDKROOT = iphoneos;
				TARGETED_DEVICE_FAMILY = "1,2";
			};
			name = Debug;
		};
		05FD49F11940D85E0063468D /* Release */ = {
			isa = XCBuildConfiguration;
			buildSettings = {
				ALWAYS_SEARCH_USER_PATHS = NO;
				ARCHS = "$(ARCHS_STANDARD_32_BIT)";
				CLANG_ENABLE_OBJC_ARC = YES;
				"CODE_SIGN_IDENTITY[sdk=iphoneos*]" = "iPhone Developer";
				COPY_PHASE_STRIP = YES;
				GCC_C_LANGUAGE_STANDARD = gnu99;
				GCC_VERSION = com.apple.compilers.llvm.clang.1_0;
				GCC_WARN_ABOUT_RETURN_TYPE = YES;
				GCC_WARN_UNINITIALIZED_AUTOS = YES;
				GCC_WARN_UNUSED_VARIABLE = YES;
				IPHONEOS_DEPLOYMENT_TARGET = 5.1;
				OTHER_CFLAGS = "-DNS_BLOCK_ASSERTIONS=1";
				SDKROOT = iphoneos;
				TARGETED_DEVICE_FAMILY = "1,2";
				VALIDATE_PRODUCT = YES;
			};
			name = Release;
		};
		05FD49F31940D85E0063468D /* Debug */ = {
			isa = XCBuildConfiguration;
			buildSettings = {
				GCC_PRECOMPILE_PREFIX_HEADER = YES;
				GCC_PREFIX_HEADER = "GpsPractice/GpsPractice-Prefix.pch";
				INFOPLIST_FILE = "GpsPractice/GpsPractice-Info.plist";
				PRODUCT_NAME = "$(TARGET_NAME)";
				WRAPPER_EXTENSION = app;
			};
			name = Debug;
		};
		05FD49F41940D85E0063468D /* Release */ = {
			isa = XCBuildConfiguration;
			buildSettings = {
				GCC_PRECOMPILE_PREFIX_HEADER = YES;
				GCC_PREFIX_HEADER = "GpsPractice/GpsPractice-Prefix.pch";
				INFOPLIST_FILE = "GpsPractice/GpsPractice-Info.plist";
				PRODUCT_NAME = "$(TARGET_NAME)";
				WRAPPER_EXTENSION = app;
			};
			name = Release;
		};
/* End XCBuildConfiguration section */

/* Begin XCConfigurationList section */
		05FD49CB1940D85D0063468D /* Build configuration list for PBXProject "GpsPractice" */ = {
			isa = XCConfigurationList;
			buildConfigurations = (
				05FD49F01940D85E0063468D /* Debug */,
				05FD49F11940D85E0063468D /* Release */,
			);
			defaultConfigurationIsVisible = 0;
			defaultConfigurationName = Release;
		};
		05FD49F21940D85E0063468D /* Build configuration list for PBXNativeTarget "GpsPractice" */ = {
			isa = XCConfigurationList;
			buildConfigurations = (
				05FD49F31940D85E0063468D /* Debug */,
				05FD49F41940D85E0063468D /* Release */,
			);
			defaultConfigurationIsVisible = 0;
			defaultConfigurationName = Release;
		};
/* End XCConfigurationList section */
	};
	rootObject = 05FD49C81940D85D0063468D /* Project object */;
}
